// !$*UTF8*$!
{
	archiveVersion = 1;
	classes = {
	};
	objectVersion = 55;
	objects = {

/* Begin PBXBuildFile section */
		B55B35E72782BE1B00CFAD15 /* GamePauseScene.swift in Sources */ = {isa = PBXBuildFile; fileRef = B55B35E62782BE1A00CFAD15 /* GamePauseScene.swift */; };
		B569AF98277AAA270057B873 /* AppDelegate.swift in Sources */ = {isa = PBXBuildFile; fileRef = B569AF97277AAA270057B873 /* AppDelegate.swift */; };
		B569AF9E277AAA270057B873 /* HomeScene.swift in Sources */ = {isa = PBXBuildFile; fileRef = B569AF9D277AAA270057B873 /* HomeScene.swift */; };
		B569AFA0277AAA270057B873 /* GameViewController.swift in Sources */ = {isa = PBXBuildFile; fileRef = B569AF9F277AAA270057B873 /* GameViewController.swift */; };
		B569AFA3277AAA270057B873 /* Main.storyboard in Resources */ = {isa = PBXBuildFile; fileRef = B569AFA1277AAA270057B873 /* Main.storyboard */; };
		B569AFA5277AAA290057B873 /* Assets.xcassets in Resources */ = {isa = PBXBuildFile; fileRef = B569AFA4277AAA290057B873 /* Assets.xcassets */; };
		B569AFA8277AAA290057B873 /* LaunchScreen.storyboard in Resources */ = {isa = PBXBuildFile; fileRef = B569AFA6277AAA290057B873 /* LaunchScreen.storyboard */; };
		B569AFB2277AAA2A0057B873 /* BirdTests.swift in Sources */ = {isa = PBXBuildFile; fileRef = B569AFB1277AAA2A0057B873 /* BirdTests.swift */; };
		B569AFBC277AAA2A0057B873 /* BirdUITests.swift in Sources */ = {isa = PBXBuildFile; fileRef = B569AFBB277AAA2A0057B873 /* BirdUITests.swift */; };
		B569AFBE277AAA2A0057B873 /* BirdUITestsLaunchTests.swift in Sources */ = {isa = PBXBuildFile; fileRef = B569AFBD277AAA2A0057B873 /* BirdUITestsLaunchTests.swift */; };
		B569AFCF277AAF0A0057B873 /* AppConfig.plist in Resources */ = {isa = PBXBuildFile; fileRef = B569AFCE277AAF0A0057B873 /* AppConfig.plist */; };
		B569AFD1277AAF600057B873 /* Settings.bundle in Resources */ = {isa = PBXBuildFile; fileRef = B569AFD0277AAF600057B873 /* Settings.bundle */; };
		B569AFD3277AAF8E0057B873 /* theme-light.plist in Resources */ = {isa = PBXBuildFile; fileRef = B569AFD2277AAF8E0057B873 /* theme-light.plist */; };
		B569AFD5277AAFA40057B873 /* Products.plist in Resources */ = {isa = PBXBuildFile; fileRef = B569AFD4277AAFA40057B873 /* Products.plist */; };
		B569AFDF277AB0A20057B873 /* SceneDelegate.swift in Sources */ = {isa = PBXBuildFile; fileRef = B569AFDE277AB0A20057B873 /* SceneDelegate.swift */; };
		B569AFE8277AB0CF0057B873 /* Welcome.xib in Resources */ = {isa = PBXBuildFile; fileRef = B569AFE2277AB0CE0057B873 /* Welcome.xib */; };
		B569AFE9277AB0CF0057B873 /* About.swift in Sources */ = {isa = PBXBuildFile; fileRef = B569AFE3277AB0CF0057B873 /* About.swift */; };
		B569AFEA277AB0CF0057B873 /* About.xib in Resources */ = {isa = PBXBuildFile; fileRef = B569AFE4277AB0CF0057B873 /* About.xib */; };
		B569AFEB277AB0CF0057B873 /* WelcomeView.swift in Sources */ = {isa = PBXBuildFile; fileRef = B569AFE5277AB0CF0057B873 /* WelcomeView.swift */; };
		B569AFED277AB0E90057B873 /* GameFinishScene.swift in Sources */ = {isa = PBXBuildFile; fileRef = B569AFEC277AB0E90057B873 /* GameFinishScene.swift */; };
		B569AFF4277AB1580057B873 /* X-Library in Frameworks */ = {isa = PBXBuildFile; productRef = B569AFF3277AB1580057B873 /* X-Library */; };
		B569AFFA277AB21D0057B873 /* GameScene.swift in Sources */ = {isa = PBXBuildFile; fileRef = B569AFF7277AB21D0057B873 /* GameScene.swift */; };
		B569AFFC277AB2740057B873 /* SceneManager.swift in Sources */ = {isa = PBXBuildFile; fileRef = B569AFFB277AB2740057B873 /* SceneManager.swift */; };
		B569B01D277AB8F90057B873 /* SceneButton.swift in Sources */ = {isa = PBXBuildFile; fileRef = B569AFFE277AB8F80057B873 /* SceneButton.swift */; };
		B569B01E277AB8F90057B873 /* ButtonNode.swift in Sources */ = {isa = PBXBuildFile; fileRef = B569AFFF277AB8F80057B873 /* ButtonNode.swift */; };
		B569B01F277AB8F90057B873 /* Extensions.swift in Sources */ = {isa = PBXBuildFile; fileRef = B569B000277AB8F80057B873 /* Extensions.swift */; };
		B569B020277AB8F90057B873 /* BaseScene.swift in Sources */ = {isa = PBXBuildFile; fileRef = B569B001277AB8F80057B873 /* BaseScene.swift */; };
		B569B021277AB8F90057B873 /* CommonConfig.swift in Sources */ = {isa = PBXBuildFile; fileRef = B569B002277AB8F80057B873 /* CommonConfig.swift */; };
		B569B022277AB8F90057B873 /* SceneOverlayView.swift in Sources */ = {isa = PBXBuildFile; fileRef = B569B003277AB8F80057B873 /* SceneOverlayView.swift */; };
		B569B023277AB8F90057B873 /* AppConfig.swift in Sources */ = {isa = PBXBuildFile; fileRef = B569B004277AB8F80057B873 /* AppConfig.swift */; };
		B569B024277AB8F90057B873 /* LevelSceneOverlayState.swift in Sources */ = {isa = PBXBuildFile; fileRef = B569B006277AB8F90057B873 /* LevelSceneOverlayState.swift */; };
		B569B025277AB8F90057B873 /* LevelScenePauseState.swift in Sources */ = {isa = PBXBuildFile; fileRef = B569B007277AB8F90057B873 /* LevelScenePauseState.swift */; };
		B569B027277AB8F90057B873 /* LevelSceneFinishState.swift in Sources */ = {isa = PBXBuildFile; fileRef = B569B009277AB8F90057B873 /* LevelSceneFinishState.swift */; };
		B569B028277AB8F90057B873 /* LevelSceneActiveState.swift in Sources */ = {isa = PBXBuildFile; fileRef = B569B00A277AB8F90057B873 /* LevelSceneActiveState.swift */; };
		B569B029277AB8F90057B873 /* about.html in Resources */ = {isa = PBXBuildFile; fileRef = B569B00C277AB8F90057B873 /* about.html */; };
		B569B02A277AB8F90057B873 /* HomeScene.sks in Resources */ = {isa = PBXBuildFile; fileRef = B569B00E277AB8F90057B873 /* HomeScene.sks */; };
		B569B02C277AB8F90057B873 /* GameScene.sks in Resources */ = {isa = PBXBuildFile; fileRef = B569B010277AB8F90057B873 /* GameScene.sks */; };
		B569B032277AB8F90057B873 /* whoosh.wav in Resources */ = {isa = PBXBuildFile; fileRef = B569B018277AB8F90057B873 /* whoosh.wav */; };
		B569B033277AB8F90057B873 /* button.wav in Resources */ = {isa = PBXBuildFile; fileRef = B569B019277AB8F90057B873 /* button.wav */; };
		B569B034277AB8F90057B873 /* hint.wav in Resources */ = {isa = PBXBuildFile; fileRef = B569B01A277AB8F90057B873 /* hint.wav */; };
		B569B035277AB8F90057B873 /* coin-added.wav in Resources */ = {isa = PBXBuildFile; fileRef = B569B01B277AB8F90057B873 /* coin-added.wav */; };
		B569B036277AB8F90057B873 /* pop.wav in Resources */ = {isa = PBXBuildFile; fileRef = B569B01C277AB8F90057B873 /* pop.wav */; };
		B569B03A277AC40F0057B873 /* Helper.swift in Sources */ = {isa = PBXBuildFile; fileRef = B569B039277AC40F0057B873 /* Helper.swift */; };
		B57E7980277F01EC0071F4DA /* sfx_hit.wav in Resources */ = {isa = PBXBuildFile; fileRef = B57E797B277F01EC0071F4DA /* sfx_hit.wav */; };
		B57E7981277F01EC0071F4DA /* sfx_swooshing.wav in Resources */ = {isa = PBXBuildFile; fileRef = B57E797C277F01EC0071F4DA /* sfx_swooshing.wav */; };
		B57E7982277F01EC0071F4DA /* sfx_wing.wav in Resources */ = {isa = PBXBuildFile; fileRef = B57E797D277F01EC0071F4DA /* sfx_wing.wav */; };
		B57E7983277F01EC0071F4DA /* sfx_point.wav in Resources */ = {isa = PBXBuildFile; fileRef = B57E797E277F01EC0071F4DA /* sfx_point.wav */; };
		B57E7984277F01EC0071F4DA /* sfx_die.wav in Resources */ = {isa = PBXBuildFile; fileRef = B57E797F277F01EC0071F4DA /* sfx_die.wav */; };
		B5BFC0C3278291AE00F831A4 /* GameFinishScene.sks in Resources */ = {isa = PBXBuildFile; fileRef = B5BFC0C2278291AE00F831A4 /* GameFinishScene.sks */; };
		B5BFC0C52782A88600F831A4 /* GamePauseScene.sks in Resources */ = {isa = PBXBuildFile; fileRef = B5BFC0C42782A88600F831A4 /* GamePauseScene.sks */; };
		B5F9C61327859D9700A1619C /* 6pxbus.ttf in Resources */ = {isa = PBXBuildFile; fileRef = B5F9C61227859D9700A1619C /* 6pxbus.ttf */; };
/* End PBXBuildFile section */

/* Begin PBXContainerItemProxy section */
		B569AFAE277AAA2A0057B873 /* PBXContainerItemProxy */ = {
			isa = PBXContainerItemProxy;
			containerPortal = B569AF8C277AAA270057B873 /* Project object */;
			proxyType = 1;
			remoteGlobalIDString = B569AF93277AAA270057B873;
			remoteInfo = Bird;
		};
		B569AFB8277AAA2A0057B873 /* PBXContainerItemProxy */ = {
			isa = PBXContainerItemProxy;
			containerPortal = B569AF8C277AAA270057B873 /* Project object */;
			proxyType = 1;
			remoteGlobalIDString = B569AF93277AAA270057B873;
			remoteInfo = Bird;
		};
/* End PBXContainerItemProxy section */

/* Begin PBXFileReference section */
		B55B35E62782BE1A00CFAD15 /* GamePauseScene.swift */ = {isa = PBXFileReference; lastKnownFileType = sourcecode.swift; path = GamePauseScene.swift; sourceTree = "<group>"; };
		B569AF94277AAA270057B873 /* Bird.app */ = {isa = PBXFileReference; explicitFileType = wrapper.application; includeInIndex = 0; path = Bird.app; sourceTree = BUILT_PRODUCTS_DIR; };
		B569AF97277AAA270057B873 /* AppDelegate.swift */ = {isa = PBXFileReference; lastKnownFileType = sourcecode.swift; path = AppDelegate.swift; sourceTree = "<group>"; };
		B569AF9D277AAA270057B873 /* HomeScene.swift */ = {isa = PBXFileReference; lastKnownFileType = sourcecode.swift; path = HomeScene.swift; sourceTree = "<group>"; };
		B569AF9F277AAA270057B873 /* GameViewController.swift */ = {isa = PBXFileReference; lastKnownFileType = sourcecode.swift; path = GameViewController.swift; sourceTree = "<group>"; };
		B569AFA2277AAA270057B873 /* Base */ = {isa = PBXFileReference; lastKnownFileType = file.storyboard; name = Base; path = Base.lproj/Main.storyboard; sourceTree = "<group>"; };
		B569AFA4277AAA290057B873 /* Assets.xcassets */ = {isa = PBXFileReference; lastKnownFileType = folder.assetcatalog; path = Assets.xcassets; sourceTree = "<group>"; };
		B569AFA7277AAA290057B873 /* Base */ = {isa = PBXFileReference; lastKnownFileType = file.storyboard; name = Base; path = Base.lproj/LaunchScreen.storyboard; sourceTree = "<group>"; };
		B569AFAD277AAA2A0057B873 /* BirdTests.xctest */ = {isa = PBXFileReference; explicitFileType = wrapper.cfbundle; includeInIndex = 0; path = BirdTests.xctest; sourceTree = BUILT_PRODUCTS_DIR; };
		B569AFB1277AAA2A0057B873 /* BirdTests.swift */ = {isa = PBXFileReference; lastKnownFileType = sourcecode.swift; path = BirdTests.swift; sourceTree = "<group>"; };
		B569AFB7277AAA2A0057B873 /* BirdUITests.xctest */ = {isa = PBXFileReference; explicitFileType = wrapper.cfbundle; includeInIndex = 0; path = BirdUITests.xctest; sourceTree = BUILT_PRODUCTS_DIR; };
		B569AFBB277AAA2A0057B873 /* BirdUITests.swift */ = {isa = PBXFileReference; lastKnownFileType = sourcecode.swift; path = BirdUITests.swift; sourceTree = "<group>"; };
		B569AFBD277AAA2A0057B873 /* BirdUITestsLaunchTests.swift */ = {isa = PBXFileReference; lastKnownFileType = sourcecode.swift; path = BirdUITestsLaunchTests.swift; sourceTree = "<group>"; };
		B569AFCA277AAB230057B873 /* Bird.entitlements */ = {isa = PBXFileReference; lastKnownFileType = text.plist.entitlements; path = Bird.entitlements; sourceTree = "<group>"; };
		B569AFCC277AAB420057B873 /* X-Library */ = {isa = PBXFileReference; lastKnownFileType = wrapper; name = "X-Library"; path = "../X-Library"; sourceTree = "<group>"; };
		B569AFCE277AAF0A0057B873 /* AppConfig.plist */ = {isa = PBXFileReference; fileEncoding = 4; lastKnownFileType = text.plist.xml; path = AppConfig.plist; sourceTree = "<group>"; };
		B569AFD0277AAF600057B873 /* Settings.bundle */ = {isa = PBXFileReference; lastKnownFileType = "wrapper.plug-in"; path = Settings.bundle; sourceTree = "<group>"; };
		B569AFD2277AAF8E0057B873 /* theme-light.plist */ = {isa = PBXFileReference; fileEncoding = 4; lastKnownFileType = text.plist.xml; path = "theme-light.plist"; sourceTree = "<group>"; };
		B569AFD4277AAFA40057B873 /* Products.plist */ = {isa = PBXFileReference; fileEncoding = 4; lastKnownFileType = text.plist.xml; path = Products.plist; sourceTree = "<group>"; };
		B569AFDE277AB0A20057B873 /* SceneDelegate.swift */ = {isa = PBXFileReference; fileEncoding = 4; lastKnownFileType = sourcecode.swift; path = SceneDelegate.swift; sourceTree = "<group>"; };
		B569AFE2277AB0CE0057B873 /* Welcome.xib */ = {isa = PBXFileReference; fileEncoding = 4; lastKnownFileType = file.xib; path = Welcome.xib; sourceTree = "<group>"; };
		B569AFE3277AB0CF0057B873 /* About.swift */ = {isa = PBXFileReference; fileEncoding = 4; lastKnownFileType = sourcecode.swift; path = About.swift; sourceTree = "<group>"; };
		B569AFE4277AB0CF0057B873 /* About.xib */ = {isa = PBXFileReference; fileEncoding = 4; lastKnownFileType = file.xib; path = About.xib; sourceTree = "<group>"; };
		B569AFE5277AB0CF0057B873 /* WelcomeView.swift */ = {isa = PBXFileReference; fileEncoding = 4; lastKnownFileType = sourcecode.swift; path = WelcomeView.swift; sourceTree = "<group>"; };
		B569AFEC277AB0E90057B873 /* GameFinishScene.swift */ = {isa = PBXFileReference; fileEncoding = 4; lastKnownFileType = sourcecode.swift; path = GameFinishScene.swift; sourceTree = "<group>"; };
		B569AFF7277AB21D0057B873 /* GameScene.swift */ = {isa = PBXFileReference; fileEncoding = 4; lastKnownFileType = sourcecode.swift; path = GameScene.swift; sourceTree = "<group>"; };
		B569AFFB277AB2740057B873 /* SceneManager.swift */ = {isa = PBXFileReference; fileEncoding = 4; lastKnownFileType = sourcecode.swift; path = SceneManager.swift; sourceTree = "<group>"; };
		B569AFFE277AB8F80057B873 /* SceneButton.swift */ = {isa = PBXFileReference; fileEncoding = 4; lastKnownFileType = sourcecode.swift; path = SceneButton.swift; sourceTree = "<group>"; };
		B569AFFF277AB8F80057B873 /* ButtonNode.swift */ = {isa = PBXFileReference; fileEncoding = 4; lastKnownFileType = sourcecode.swift; path = ButtonNode.swift; sourceTree = "<group>"; };
		B569B000277AB8F80057B873 /* Extensions.swift */ = {isa = PBXFileReference; fileEncoding = 4; lastKnownFileType = sourcecode.swift; path = Extensions.swift; sourceTree = "<group>"; };
		B569B001277AB8F80057B873 /* BaseScene.swift */ = {isa = PBXFileReference; fileEncoding = 4; lastKnownFileType = sourcecode.swift; path = BaseScene.swift; sourceTree = "<group>"; };
		B569B002277AB8F80057B873 /* CommonConfig.swift */ = {isa = PBXFileReference; fileEncoding = 4; lastKnownFileType = sourcecode.swift; path = CommonConfig.swift; sourceTree = "<group>"; };
		B569B003277AB8F80057B873 /* SceneOverlayView.swift */ = {isa = PBXFileReference; fileEncoding = 4; lastKnownFileType = sourcecode.swift; path = SceneOverlayView.swift; sourceTree = "<group>"; };
		B569B004277AB8F80057B873 /* AppConfig.swift */ = {isa = PBXFileReference; fileEncoding = 4; lastKnownFileType = sourcecode.swift; path = AppConfig.swift; sourceTree = "<group>"; };
		B569B006277AB8F90057B873 /* LevelSceneOverlayState.swift */ = {isa = PBXFileReference; fileEncoding = 4; lastKnownFileType = sourcecode.swift; path = LevelSceneOverlayState.swift; sourceTree = "<group>"; };
		B569B007277AB8F90057B873 /* LevelScenePauseState.swift */ = {isa = PBXFileReference; fileEncoding = 4; lastKnownFileType = sourcecode.swift; path = LevelScenePauseState.swift; sourceTree = "<group>"; };
		B569B009277AB8F90057B873 /* LevelSceneFinishState.swift */ = {isa = PBXFileReference; fileEncoding = 4; lastKnownFileType = sourcecode.swift; path = LevelSceneFinishState.swift; sourceTree = "<group>"; };
		B569B00A277AB8F90057B873 /* LevelSceneActiveState.swift */ = {isa = PBXFileReference; fileEncoding = 4; lastKnownFileType = sourcecode.swift; path = LevelSceneActiveState.swift; sourceTree = "<group>"; };
		B569B00C277AB8F90057B873 /* about.html */ = {isa = PBXFileReference; fileEncoding = 4; lastKnownFileType = text.html; path = about.html; sourceTree = "<group>"; };
		B569B00E277AB8F90057B873 /* HomeScene.sks */ = {isa = PBXFileReference; lastKnownFileType = file.sks; path = HomeScene.sks; sourceTree = "<group>"; };
		B569B010277AB8F90057B873 /* GameScene.sks */ = {isa = PBXFileReference; lastKnownFileType = file.sks; path = GameScene.sks; sourceTree = "<group>"; };
		B569B018277AB8F90057B873 /* whoosh.wav */ = {isa = PBXFileReference; lastKnownFileType = audio.wav; path = whoosh.wav; sourceTree = "<group>"; };
		B569B019277AB8F90057B873 /* button.wav */ = {isa = PBXFileReference; lastKnownFileType = audio.wav; path = button.wav; sourceTree = "<group>"; };
		B569B01A277AB8F90057B873 /* hint.wav */ = {isa = PBXFileReference; lastKnownFileType = audio.wav; path = hint.wav; sourceTree = "<group>"; };
		B569B01B277AB8F90057B873 /* coin-added.wav */ = {isa = PBXFileReference; lastKnownFileType = audio.wav; path = "coin-added.wav"; sourceTree = "<group>"; };
		B569B01C277AB8F90057B873 /* pop.wav */ = {isa = PBXFileReference; lastKnownFileType = audio.wav; path = pop.wav; sourceTree = "<group>"; };
		B569B039277AC40F0057B873 /* Helper.swift */ = {isa = PBXFileReference; lastKnownFileType = sourcecode.swift; path = Helper.swift; sourceTree = "<group>"; };
		B569B03B277AD47F0057B873 /* Info.plist */ = {isa = PBXFileReference; fileEncoding = 4; lastKnownFileType = text.plist.xml; path = Info.plist; sourceTree = "<group>"; };
		B57E797B277F01EC0071F4DA /* sfx_hit.wav */ = {isa = PBXFileReference; lastKnownFileType = audio.wav; path = sfx_hit.wav; sourceTree = "<group>"; };
		B57E797C277F01EC0071F4DA /* sfx_swooshing.wav */ = {isa = PBXFileReference; lastKnownFileType = audio.wav; path = sfx_swooshing.wav; sourceTree = "<group>"; };
		B57E797D277F01EC0071F4DA /* sfx_wing.wav */ = {isa = PBXFileReference; lastKnownFileType = audio.wav; path = sfx_wing.wav; sourceTree = "<group>"; };
		B57E797E277F01EC0071F4DA /* sfx_point.wav */ = {isa = PBXFileReference; lastKnownFileType = audio.wav; path = sfx_point.wav; sourceTree = "<group>"; };
		B57E797F277F01EC0071F4DA /* sfx_die.wav */ = {isa = PBXFileReference; lastKnownFileType = audio.wav; path = sfx_die.wav; sourceTree = "<group>"; };
		B5BFC0C2278291AE00F831A4 /* GameFinishScene.sks */ = {isa = PBXFileReference; lastKnownFileType = file.sks; path = GameFinishScene.sks; sourceTree = "<group>"; };
		B5BFC0C42782A88600F831A4 /* GamePauseScene.sks */ = {isa = PBXFileReference; lastKnownFileType = file.sks; path = GamePauseScene.sks; sourceTree = "<group>"; };
		B5F9C61227859D9700A1619C /* 6pxbus.ttf */ = {isa = PBXFileReference; lastKnownFileType = file; path = 6pxbus.ttf; sourceTree = "<group>"; };
/* End PBXFileReference section */

/* Begin PBXFrameworksBuildPhase section */
		B569AF91277AAA270057B873 /* Frameworks */ = {
			isa = PBXFrameworksBuildPhase;
			buildActionMask = 2147483647;
			files = (
				B569AFF4277AB1580057B873 /* X-Library in Frameworks */,
			);
			runOnlyForDeploymentPostprocessing = 0;
		};
		B569AFAA277AAA2A0057B873 /* Frameworks */ = {
			isa = PBXFrameworksBuildPhase;
			buildActionMask = 2147483647;
			files = (
			);
			runOnlyForDeploymentPostprocessing = 0;
		};
		B569AFB4277AAA2A0057B873 /* Frameworks */ = {
			isa = PBXFrameworksBuildPhase;
			buildActionMask = 2147483647;
			files = (
			);
			runOnlyForDeploymentPostprocessing = 0;
		};
/* End PBXFrameworksBuildPhase section */

/* Begin PBXGroup section */
		B569AF8B277AAA270057B873 = {
			isa = PBXGroup;
			children = (
				B569AFCB277AAB420057B873 /* Packages */,
				B569AF96277AAA270057B873 /* Bird */,
				B569AFB0277AAA2A0057B873 /* BirdTests */,
				B569AFBA277AAA2A0057B873 /* BirdUITests */,
				B569AF95277AAA270057B873 /* Products */,
				B569AFF2277AB1580057B873 /* Frameworks */,
			);
			sourceTree = "<group>";
		};
		B569AF95277AAA270057B873 /* Products */ = {
			isa = PBXGroup;
			children = (
				B569AF94277AAA270057B873 /* Bird.app */,
				B569AFAD277AAA2A0057B873 /* BirdTests.xctest */,
				B569AFB7277AAA2A0057B873 /* BirdUITests.xctest */,
			);
			name = Products;
			sourceTree = "<group>";
		};
		B569AF96277AAA270057B873 /* Bird */ = {
			isa = PBXGroup;
			children = (
				B569AFCA277AAB230057B873 /* Bird.entitlements */,
				B569B03B277AD47F0057B873 /* Info.plist */,
				B569AFCE277AAF0A0057B873 /* AppConfig.plist */,
				B569AFD0277AAF600057B873 /* Settings.bundle */,
				B569AFA4277AAA290057B873 /* Assets.xcassets */,
				B569AFD2277AAF8E0057B873 /* theme-light.plist */,
				B569AFD4277AAFA40057B873 /* Products.plist */,
				B569B015277AB8F90057B873 /* audio */,
				B569B014277AB8F90057B873 /* fonts */,
				B569B00B277AB8F90057B873 /* html */,
				B569AFFD277AB8F80057B873 /* common */,
				B569AF97277AAA270057B873 /* AppDelegate.swift */,
				B569AFDE277AB0A20057B873 /* SceneDelegate.swift */,
				B569AFA6277AAA290057B873 /* LaunchScreen.storyboard */,
				B569AFA1277AAA270057B873 /* Main.storyboard */,
				B569AF9F277AAA270057B873 /* GameViewController.swift */,
				B569AFE3277AB0CF0057B873 /* About.swift */,
				B569AFE4277AB0CF0057B873 /* About.xib */,
				B569AFE2277AB0CE0057B873 /* Welcome.xib */,
				B569AFE5277AB0CF0057B873 /* WelcomeView.swift */,
				B569AFFB277AB2740057B873 /* SceneManager.swift */,
				B569B00D277AB8F90057B873 /* Scenes */,
				B569B03D277AFD830057B873 /* Nodes */,
				B569B005277AB8F90057B873 /* GameLevel States */,
			);
			path = Bird;
			sourceTree = "<group>";
		};
		B569AFB0277AAA2A0057B873 /* BirdTests */ = {
			isa = PBXGroup;
			children = (
				B569AFB1277AAA2A0057B873 /* BirdTests.swift */,
			);
			path = BirdTests;
			sourceTree = "<group>";
		};
		B569AFBA277AAA2A0057B873 /* BirdUITests */ = {
			isa = PBXGroup;
			children = (
				B569AFBB277AAA2A0057B873 /* BirdUITests.swift */,
				B569AFBD277AAA2A0057B873 /* BirdUITestsLaunchTests.swift */,
			);
			path = BirdUITests;
			sourceTree = "<group>";
		};
		B569AFCB277AAB420057B873 /* Packages */ = {
			isa = PBXGroup;
			children = (
				B569AFCC277AAB420057B873 /* X-Library */,
			);
			name = Packages;
			sourceTree = "<group>";
		};
		B569AFF2277AB1580057B873 /* Frameworks */ = {
			isa = PBXGroup;
			children = (
			);
			name = Frameworks;
			sourceTree = "<group>";
		};
		B569AFFD277AB8F80057B873 /* common */ = {
			isa = PBXGroup;
			children = (
				B569B002277AB8F80057B873 /* CommonConfig.swift */,
				B569B004277AB8F80057B873 /* AppConfig.swift */,
				B569B039277AC40F0057B873 /* Helper.swift */,
				B569B000277AB8F80057B873 /* Extensions.swift */,
				B569AFFE277AB8F80057B873 /* SceneButton.swift */,
				B569AFFF277AB8F80057B873 /* ButtonNode.swift */,
				B569B001277AB8F80057B873 /* BaseScene.swift */,
				B569B003277AB8F80057B873 /* SceneOverlayView.swift */,
			);
			path = common;
			sourceTree = "<group>";
		};
		B569B005277AB8F90057B873 /* GameLevel States */ = {
			isa = PBXGroup;
			children = (
				B569B00A277AB8F90057B873 /* LevelSceneActiveState.swift */,
				B569B006277AB8F90057B873 /* LevelSceneOverlayState.swift */,
				B569B007277AB8F90057B873 /* LevelScenePauseState.swift */,
				B569B009277AB8F90057B873 /* LevelSceneFinishState.swift */,
			);
			path = "GameLevel States";
			sourceTree = "<group>";
		};
		B569B00B277AB8F90057B873 /* html */ = {
			isa = PBXGroup;
			children = (
				B569B00C277AB8F90057B873 /* about.html */,
			);
			path = html;
			sourceTree = "<group>";
		};
		B569B00D277AB8F90057B873 /* Scenes */ = {
			isa = PBXGroup;
			children = (
				B569AF9D277AAA270057B873 /* HomeScene.swift */,
				B569B00E277AB8F90057B873 /* HomeScene.sks */,
				B569AFF7277AB21D0057B873 /* GameScene.swift */,
				B569B010277AB8F90057B873 /* GameScene.sks */,
				B55B35E62782BE1A00CFAD15 /* GamePauseScene.swift */,
				B5BFC0C42782A88600F831A4 /* GamePauseScene.sks */,
				B569AFEC277AB0E90057B873 /* GameFinishScene.swift */,
				B5BFC0C2278291AE00F831A4 /* GameFinishScene.sks */,
			);
			path = Scenes;
			sourceTree = "<group>";
		};
		B569B014277AB8F90057B873 /* fonts */ = {
			isa = PBXGroup;
			children = (
				B5F9C61227859D9700A1619C /* 6pxbus.ttf */,
			);
			path = fonts;
			sourceTree = "<group>";
		};
		B569B015277AB8F90057B873 /* audio */ = {
			isa = PBXGroup;
			children = (
				B569B018277AB8F90057B873 /* whoosh.wav */,
				B569B019277AB8F90057B873 /* button.wav */,
				B569B01A277AB8F90057B873 /* hint.wav */,
				B569B01B277AB8F90057B873 /* coin-added.wav */,
				B569B01C277AB8F90057B873 /* pop.wav */,
				B57E797F277F01EC0071F4DA /* sfx_die.wav */,
				B57E797B277F01EC0071F4DA /* sfx_hit.wav */,
				B57E797E277F01EC0071F4DA /* sfx_point.wav */,
				B57E797C277F01EC0071F4DA /* sfx_swooshing.wav */,
				B57E797D277F01EC0071F4DA /* sfx_wing.wav */,
			);
			path = audio;
			sourceTree = "<group>";
		};
		B569B03D277AFD830057B873 /* Nodes */ = {
			isa = PBXGroup;
			children = (
			);
			path = Nodes;
			sourceTree = "<group>";
		};
/* End PBXGroup section */

/* Begin PBXNativeTarget section */
		B569AF93277AAA270057B873 /* Bird */ = {
			isa = PBXNativeTarget;
			buildConfigurationList = B569AFC1277AAA2A0057B873 /* Build configuration list for PBXNativeTarget "Bird" */;
			buildPhases = (
				B569AF90277AAA270057B873 /* Sources */,
				B569AF91277AAA270057B873 /* Frameworks */,
				B569AF92277AAA270057B873 /* Resources */,
			);
			buildRules = (
			);
			dependencies = (
			);
			name = Bird;
			packageProductDependencies = (
				B569AFF3277AB1580057B873 /* X-Library */,
			);
			productName = Bird;
			productReference = B569AF94277AAA270057B873 /* Bird.app */;
			productType = "com.apple.product-type.application";
		};
		B569AFAC277AAA2A0057B873 /* BirdTests */ = {
			isa = PBXNativeTarget;
			buildConfigurationList = B569AFC4277AAA2A0057B873 /* Build configuration list for PBXNativeTarget "BirdTests" */;
			buildPhases = (
				B569AFA9277AAA2A0057B873 /* Sources */,
				B569AFAA277AAA2A0057B873 /* Frameworks */,
				B569AFAB277AAA2A0057B873 /* Resources */,
			);
			buildRules = (
			);
			dependencies = (
				B569AFAF277AAA2A0057B873 /* PBXTargetDependency */,
			);
			name = BirdTests;
			productName = BirdTests;
			productReference = B569AFAD277AAA2A0057B873 /* BirdTests.xctest */;
			productType = "com.apple.product-type.bundle.unit-test";
		};
		B569AFB6277AAA2A0057B873 /* BirdUITests */ = {
			isa = PBXNativeTarget;
			buildConfigurationList = B569AFC7277AAA2A0057B873 /* Build configuration list for PBXNativeTarget "BirdUITests" */;
			buildPhases = (
				B569AFB3277AAA2A0057B873 /* Sources */,
				B569AFB4277AAA2A0057B873 /* Frameworks */,
				B569AFB5277AAA2A0057B873 /* Resources */,
			);
			buildRules = (
			);
			dependencies = (
				B569AFB9277AAA2A0057B873 /* PBXTargetDependency */,
			);
			name = BirdUITests;
			productName = BirdUITests;
			productReference = B569AFB7277AAA2A0057B873 /* BirdUITests.xctest */;
			productType = "com.apple.product-type.bundle.ui-testing";
		};
/* End PBXNativeTarget section */

/* Begin PBXProject section */
		B569AF8C277AAA270057B873 /* Project object */ = {
			isa = PBXProject;
			attributes = {
				BuildIndependentTargetsInParallel = 1;
				LastSwiftUpdateCheck = 1320;
				LastUpgradeCheck = 1320;
				TargetAttributes = {
					B569AF93277AAA270057B873 = {
						CreatedOnToolsVersion = 13.2.1;
					};
					B569AFAC277AAA2A0057B873 = {
						CreatedOnToolsVersion = 13.2.1;
						TestTargetID = B569AF93277AAA270057B873;
					};
					B569AFB6277AAA2A0057B873 = {
						CreatedOnToolsVersion = 13.2.1;
						TestTargetID = B569AF93277AAA270057B873;
					};
				};
			};
			buildConfigurationList = B569AF8F277AAA270057B873 /* Build configuration list for PBXProject "Bird" */;
			compatibilityVersion = "Xcode 13.0";
			developmentRegion = en;
			hasScannedForEncodings = 0;
			knownRegions = (
				en,
				Base,
			);
			mainGroup = B569AF8B277AAA270057B873;
			productRefGroup = B569AF95277AAA270057B873 /* Products */;
			projectDirPath = "";
			projectRoot = "";
			targets = (
				B569AF93277AAA270057B873 /* Bird */,
				B569AFAC277AAA2A0057B873 /* BirdTests */,
				B569AFB6277AAA2A0057B873 /* BirdUITests */,
			);
		};
/* End PBXProject section */

/* Begin PBXResourcesBuildPhase section */
		B569AF92277AAA270057B873 /* Resources */ = {
			isa = PBXResourcesBuildPhase;
			buildActionMask = 2147483647;
			files = (
				B569AFCF277AAF0A0057B873 /* AppConfig.plist in Resources */,
				B569AFD3277AAF8E0057B873 /* theme-light.plist in Resources */,
				B569AFD5277AAFA40057B873 /* Products.plist in Resources */,
				B569AFD1277AAF600057B873 /* Settings.bundle in Resources */,
				B569AFA5277AAA290057B873 /* Assets.xcassets in Resources */,
				B569B035277AB8F90057B873 /* coin-added.wav in Resources */,
				B569B034277AB8F90057B873 /* hint.wav in Resources */,
				B57E7983277F01EC0071F4DA /* sfx_point.wav in Resources */,
				B57E7984277F01EC0071F4DA /* sfx_die.wav in Resources */,
				B569B033277AB8F90057B873 /* button.wav in Resources */,
				B57E7982277F01EC0071F4DA /* sfx_wing.wav in Resources */,
				B569B032277AB8F90057B873 /* whoosh.wav in Resources */,
				B57E7980277F01EC0071F4DA /* sfx_hit.wav in Resources */,
				B569B036277AB8F90057B873 /* pop.wav in Resources */,
				B57E7981277F01EC0071F4DA /* sfx_swooshing.wav in Resources */,
				B5F9C61327859D9700A1619C /* 6pxbus.ttf in Resources */,
				B569B029277AB8F90057B873 /* about.html in Resources */,
				B569AFA8277AAA290057B873 /* LaunchScreen.storyboard in Resources */,
				B569AFA3277AAA270057B873 /* Main.storyboard in Resources */,
				B569AFE8277AB0CF0057B873 /* Welcome.xib in Resources */,
				B569AFEA277AB0CF0057B873 /* About.xib in Resources */,
				B569B02A277AB8F90057B873 /* HomeScene.sks in Resources */,
				B569B02C277AB8F90057B873 /* GameScene.sks in Resources */,
				B5BFC0C52782A88600F831A4 /* GamePauseScene.sks in Resources */,
				B5BFC0C3278291AE00F831A4 /* GameFinishScene.sks in Resources */,
			);
			runOnlyForDeploymentPostprocessing = 0;
		};
		B569AFAB277AAA2A0057B873 /* Resources */ = {
			isa = PBXResourcesBuildPhase;
			buildActionMask = 2147483647;
			files = (
			);
			runOnlyForDeploymentPostprocessing = 0;
		};
		B569AFB5277AAA2A0057B873 /* Resources */ = {
			isa = PBXResourcesBuildPhase;
			buildActionMask = 2147483647;
			files = (
			);
			runOnlyForDeploymentPostprocessing = 0;
		};
/* End PBXResourcesBuildPhase section */

/* Begin PBXSourcesBuildPhase section */
		B569AF90277AAA270057B873 /* Sources */ = {
			isa = PBXSourcesBuildPhase;
			buildActionMask = 2147483647;
			files = (
				B569AF9E277AAA270057B873 /* HomeScene.swift in Sources */,
				B569B028277AB8F90057B873 /* LevelSceneActiveState.swift in Sources */,
				B569B022277AB8F90057B873 /* SceneOverlayView.swift in Sources */,
				B569B027277AB8F90057B873 /* LevelSceneFinishState.swift in Sources */,
				B569B01D277AB8F90057B873 /* SceneButton.swift in Sources */,
				B569AFE9277AB0CF0057B873 /* About.swift in Sources */,
				B569B020277AB8F90057B873 /* BaseScene.swift in Sources */,
				B569AFA0277AAA270057B873 /* GameViewController.swift in Sources */,
				B569B023277AB8F90057B873 /* AppConfig.swift in Sources */,
				B569B024277AB8F90057B873 /* LevelSceneOverlayState.swift in Sources */,
				B569AF98277AAA270057B873 /* AppDelegate.swift in Sources */,
				B569AFED277AB0E90057B873 /* GameFinishScene.swift in Sources */,
				B569AFDF277AB0A20057B873 /* SceneDelegate.swift in Sources */,
				B55B35E72782BE1B00CFAD15 /* GamePauseScene.swift in Sources */,
				B569AFFA277AB21D0057B873 /* GameScene.swift in Sources */,
				B569B01F277AB8F90057B873 /* Extensions.swift in Sources */,
				B569B025277AB8F90057B873 /* LevelScenePauseState.swift in Sources */,
				B569B021277AB8F90057B873 /* CommonConfig.swift in Sources */,
				B569AFFC277AB2740057B873 /* SceneManager.swift in Sources */,
				B569B03A277AC40F0057B873 /* Helper.swift in Sources */,
				B569AFEB277AB0CF0057B873 /* WelcomeView.swift in Sources */,
				B569B01E277AB8F90057B873 /* ButtonNode.swift in Sources */,
			);
			runOnlyForDeploymentPostprocessing = 0;
		};
		B569AFA9277AAA2A0057B873 /* Sources */ = {
			isa = PBXSourcesBuildPhase;
			buildActionMask = 2147483647;
			files = (
				B569AFB2277AAA2A0057B873 /* BirdTests.swift in Sources */,
			);
			runOnlyForDeploymentPostprocessing = 0;
		};
		B569AFB3277AAA2A0057B873 /* Sources */ = {
			isa = PBXSourcesBuildPhase;
			buildActionMask = 2147483647;
			files = (
				B569AFBC277AAA2A0057B873 /* BirdUITests.swift in Sources */,
				B569AFBE277AAA2A0057B873 /* BirdUITestsLaunchTests.swift in Sources */,
			);
			runOnlyForDeploymentPostprocessing = 0;
		};
/* End PBXSourcesBuildPhase section */

/* Begin PBXTargetDependency section */
		B569AFAF277AAA2A0057B873 /* PBXTargetDependency */ = {
			isa = PBXTargetDependency;
			target = B569AF93277AAA270057B873 /* Bird */;
			targetProxy = B569AFAE277AAA2A0057B873 /* PBXContainerItemProxy */;
		};
		B569AFB9277AAA2A0057B873 /* PBXTargetDependency */ = {
			isa = PBXTargetDependency;
			target = B569AF93277AAA270057B873 /* Bird */;
			targetProxy = B569AFB8277AAA2A0057B873 /* PBXContainerItemProxy */;
		};
/* End PBXTargetDependency section */

/* Begin PBXVariantGroup section */
		B569AFA1277AAA270057B873 /* Main.storyboard */ = {
			isa = PBXVariantGroup;
			children = (
				B569AFA2277AAA270057B873 /* Base */,
			);
			name = Main.storyboard;
			sourceTree = "<group>";
		};
		B569AFA6277AAA290057B873 /* LaunchScreen.storyboard */ = {
			isa = PBXVariantGroup;
			children = (
				B569AFA7277AAA290057B873 /* Base */,
			);
			name = LaunchScreen.storyboard;
			sourceTree = "<group>";
		};
/* End PBXVariantGroup section */

/* Begin XCBuildConfiguration section */
		B569AFBF277AAA2A0057B873 /* Debug */ = {
			isa = XCBuildConfiguration;
			buildSettings = {
				ALWAYS_SEARCH_USER_PATHS = NO;
				CLANG_ANALYZER_NONNULL = YES;
				CLANG_ANALYZER_NUMBER_OBJECT_CONVERSION = YES_AGGRESSIVE;
				CLANG_CXX_LANGUAGE_STANDARD = "gnu++17";
				CLANG_CXX_LIBRARY = "libc++";
				CLANG_ENABLE_MODULES = YES;
				CLANG_ENABLE_OBJC_ARC = YES;
				CLANG_ENABLE_OBJC_WEAK = YES;
				CLANG_WARN_BLOCK_CAPTURE_AUTORELEASING = YES;
				CLANG_WARN_BOOL_CONVERSION = YES;
				CLANG_WARN_COMMA = YES;
				CLANG_WARN_CONSTANT_CONVERSION = YES;
				CLANG_WARN_DEPRECATED_OBJC_IMPLEMENTATIONS = YES;
				CLANG_WARN_DIRECT_OBJC_ISA_USAGE = YES_ERROR;
				CLANG_WARN_DOCUMENTATION_COMMENTS = YES;
				CLANG_WARN_EMPTY_BODY = YES;
				CLANG_WARN_ENUM_CONVERSION = YES;
				CLANG_WARN_INFINITE_RECURSION = YES;
				CLANG_WARN_INT_CONVERSION = YES;
				CLANG_WARN_NON_LITERAL_NULL_CONVERSION = YES;
				CLANG_WARN_OBJC_IMPLICIT_RETAIN_SELF = YES;
				CLANG_WARN_OBJC_LITERAL_CONVERSION = YES;
				CLANG_WARN_OBJC_ROOT_CLASS = YES_ERROR;
				CLANG_WARN_QUOTED_INCLUDE_IN_FRAMEWORK_HEADER = YES;
				CLANG_WARN_RANGE_LOOP_ANALYSIS = YES;
				CLANG_WARN_STRICT_PROTOTYPES = YES;
				CLANG_WARN_SUSPICIOUS_MOVE = YES;
				CLANG_WARN_UNGUARDED_AVAILABILITY = YES_AGGRESSIVE;
				CLANG_WARN_UNREACHABLE_CODE = YES;
				CLANG_WARN__DUPLICATE_METHOD_MATCH = YES;
				COPY_PHASE_STRIP = NO;
				DEBUG_INFORMATION_FORMAT = dwarf;
				ENABLE_STRICT_OBJC_MSGSEND = YES;
				ENABLE_TESTABILITY = YES;
				GCC_C_LANGUAGE_STANDARD = gnu11;
				GCC_DYNAMIC_NO_PIC = NO;
				GCC_NO_COMMON_BLOCKS = YES;
				GCC_OPTIMIZATION_LEVEL = 0;
				GCC_PREPROCESSOR_DEFINITIONS = (
					"DEBUG=1",
					"$(inherited)",
				);
				GCC_WARN_64_TO_32_BIT_CONVERSION = YES;
				GCC_WARN_ABOUT_RETURN_TYPE = YES_ERROR;
				GCC_WARN_UNDECLARED_SELECTOR = YES;
				GCC_WARN_UNINITIALIZED_AUTOS = YES_AGGRESSIVE;
				GCC_WARN_UNUSED_FUNCTION = YES;
				GCC_WARN_UNUSED_VARIABLE = YES;
				IPHONEOS_DEPLOYMENT_TARGET = 15.2;
				MTL_ENABLE_DEBUG_INFO = INCLUDE_SOURCE;
				MTL_FAST_MATH = YES;
				ONLY_ACTIVE_ARCH = YES;
				OTHER_LDFLAGS = "-ObjC";
				SDKROOT = iphoneos;
				SWIFT_ACTIVE_COMPILATION_CONDITIONS = DEBUG;
				SWIFT_OPTIMIZATION_LEVEL = "-Onone";
			};
			name = Debug;
		};
		B569AFC0277AAA2A0057B873 /* Release */ = {
			isa = XCBuildConfiguration;
			buildSettings = {
				ALWAYS_SEARCH_USER_PATHS = NO;
				CLANG_ANALYZER_NONNULL = YES;
				CLANG_ANALYZER_NUMBER_OBJECT_CONVERSION = YES_AGGRESSIVE;
				CLANG_CXX_LANGUAGE_STANDARD = "gnu++17";
				CLANG_CXX_LIBRARY = "libc++";
				CLANG_ENABLE_MODULES = YES;
				CLANG_ENABLE_OBJC_ARC = YES;
				CLANG_ENABLE_OBJC_WEAK = YES;
				CLANG_WARN_BLOCK_CAPTURE_AUTORELEASING = YES;
				CLANG_WARN_BOOL_CONVERSION = YES;
				CLANG_WARN_COMMA = YES;
				CLANG_WARN_CONSTANT_CONVERSION = YES;
				CLANG_WARN_DEPRECATED_OBJC_IMPLEMENTATIONS = YES;
				CLANG_WARN_DIRECT_OBJC_ISA_USAGE = YES_ERROR;
				CLANG_WARN_DOCUMENTATION_COMMENTS = YES;
				CLANG_WARN_EMPTY_BODY = YES;
				CLANG_WARN_ENUM_CONVERSION = YES;
				CLANG_WARN_INFINITE_RECURSION = YES;
				CLANG_WARN_INT_CONVERSION = YES;
				CLANG_WARN_NON_LITERAL_NULL_CONVERSION = YES;
				CLANG_WARN_OBJC_IMPLICIT_RETAIN_SELF = YES;
				CLANG_WARN_OBJC_LITERAL_CONVERSION = YES;
				CLANG_WARN_OBJC_ROOT_CLASS = YES_ERROR;
				CLANG_WARN_QUOTED_INCLUDE_IN_FRAMEWORK_HEADER = YES;
				CLANG_WARN_RANGE_LOOP_ANALYSIS = YES;
				CLANG_WARN_STRICT_PROTOTYPES = YES;
				CLANG_WARN_SUSPICIOUS_MOVE = YES;
				CLANG_WARN_UNGUARDED_AVAILABILITY = YES_AGGRESSIVE;
				CLANG_WARN_UNREACHABLE_CODE = YES;
				CLANG_WARN__DUPLICATE_METHOD_MATCH = YES;
				COPY_PHASE_STRIP = NO;
				DEBUG_INFORMATION_FORMAT = "dwarf-with-dsym";
				ENABLE_NS_ASSERTIONS = NO;
				ENABLE_STRICT_OBJC_MSGSEND = YES;
				GCC_C_LANGUAGE_STANDARD = gnu11;
				GCC_NO_COMMON_BLOCKS = YES;
				GCC_WARN_64_TO_32_BIT_CONVERSION = YES;
				GCC_WARN_ABOUT_RETURN_TYPE = YES_ERROR;
				GCC_WARN_UNDECLARED_SELECTOR = YES;
				GCC_WARN_UNINITIALIZED_AUTOS = YES_AGGRESSIVE;
				GCC_WARN_UNUSED_FUNCTION = YES;
				GCC_WARN_UNUSED_VARIABLE = YES;
				IPHONEOS_DEPLOYMENT_TARGET = 15.2;
				MTL_ENABLE_DEBUG_INFO = NO;
				MTL_FAST_MATH = YES;
				OTHER_LDFLAGS = "-ObjC";
				SDKROOT = iphoneos;
				SWIFT_COMPILATION_MODE = wholemodule;
				SWIFT_OPTIMIZATION_LEVEL = "-O";
				VALIDATE_PRODUCT = YES;
			};
			name = Release;
		};
		B569AFC2277AAA2A0057B873 /* Debug */ = {
			isa = XCBuildConfiguration;
			buildSettings = {
				ASSETCATALOG_COMPILER_APPICON_NAME = AppIcon;
				ASSETCATALOG_COMPILER_GLOBAL_ACCENT_COLOR_NAME = AccentColor;
				ASSETCATALOG_COMPILER_INCLUDE_ALL_APPICON_ASSETS = NO;
				CODE_SIGN_ENTITLEMENTS = Bird/Bird.entitlements;
				CODE_SIGN_STYLE = Automatic;
				CURRENT_PROJECT_VERSION = 1;
				DEVELOPMENT_TEAM = 378Y5XR992;
				GENERATE_INFOPLIST_FILE = YES;
				INFOPLIST_FILE = Bird/Info.plist;
				INFOPLIST_KEY_CFBundleDisplayName = "Flappy Bird";
				INFOPLIST_KEY_NSPhotoLibraryAddUsageDescription = "Allow app to save images to Photo Library";
				INFOPLIST_KEY_UIApplicationSupportsIndirectInputEvents = YES;
				INFOPLIST_KEY_UILaunchStoryboardName = LaunchScreen;
				INFOPLIST_KEY_UIMainStoryboardFile = Main;
				INFOPLIST_KEY_UIRequiresFullScreen = YES;
				INFOPLIST_KEY_UIStatusBarHidden = YES;
				INFOPLIST_KEY_UISupportedInterfaceOrientations = UIInterfaceOrientationPortrait;
				INFOPLIST_KEY_UISupportedInterfaceOrientations_iPad = "UIInterfaceOrientationPortrait UIInterfaceOrientationPortraitUpsideDown UIInterfaceOrientationLandscapeRight UIInterfaceOrientationLandscapeLeft";
				INFOPLIST_KEY_UISupportedInterfaceOrientations_iPhone = "UIInterfaceOrientationPortrait UIInterfaceOrientationLandscapeRight UIInterfaceOrientationLandscapeLeft";
				IPHONEOS_DEPLOYMENT_TARGET = 10.0;
				LD_RUNPATH_SEARCH_PATHS = (
					"$(inherited)",
					"@executable_path/Frameworks",
				);
				MARKETING_VERSION = 1.0;
				PRODUCT_BUNDLE_IDENTIFIER = x.game.bird;
				PRODUCT_NAME = "$(TARGET_NAME)";
				SWIFT_EMIT_LOC_STRINGS = YES;
				SWIFT_VERSION = 5.0;
				TARGETED_DEVICE_FAMILY = "1,2";
			};
			name = Debug;
		};
		B569AFC3277AAA2A0057B873 /* Release */ = {
			isa = XCBuildConfiguration;
			buildSettings = {
				ASSETCATALOG_COMPILER_APPICON_NAME = AppIcon;
				ASSETCATALOG_COMPILER_GLOBAL_ACCENT_COLOR_NAME = AccentColor;
				ASSETCATALOG_COMPILER_INCLUDE_ALL_APPICON_ASSETS = NO;
				CODE_SIGN_ENTITLEMENTS = Bird/Bird.entitlements;
				CODE_SIGN_STYLE = Automatic;
				CURRENT_PROJECT_VERSION = 1;
				DEVELOPMENT_TEAM = 378Y5XR992;
				GENERATE_INFOPLIST_FILE = YES;
				INFOPLIST_FILE = Bird/Info.plist;
				INFOPLIST_KEY_CFBundleDisplayName = "Flappy Bird";
				INFOPLIST_KEY_NSPhotoLibraryAddUsageDescription = "Allow app to save images to Photo Library";
				INFOPLIST_KEY_UIApplicationSupportsIndirectInputEvents = YES;
				INFOPLIST_KEY_UILaunchStoryboardName = LaunchScreen;
				INFOPLIST_KEY_UIMainStoryboardFile = Main;
				INFOPLIST_KEY_UIRequiresFullScreen = YES;
				INFOPLIST_KEY_UIStatusBarHidden = YES;
				INFOPLIST_KEY_UISupportedInterfaceOrientations = UIInterfaceOrientationPortrait;
				INFOPLIST_KEY_UISupportedInterfaceOrientations_iPad = "UIInterfaceOrientationPortrait UIInterfaceOrientationPortraitUpsideDown UIInterfaceOrientationLandscapeRight UIInterfaceOrientationLandscapeLeft";
				INFOPLIST_KEY_UISupportedInterfaceOrientations_iPhone = "UIInterfaceOrientationPortrait UIInterfaceOrientationLandscapeRight UIInterfaceOrientationLandscapeLeft";
				IPHONEOS_DEPLOYMENT_TARGET = 10.0;
				LD_RUNPATH_SEARCH_PATHS = (
					"$(inherited)",
					"@executable_path/Frameworks",
				);
				MARKETING_VERSION = 1.0;
				PRODUCT_BUNDLE_IDENTIFIER = x.game.bird;
				PRODUCT_NAME = "$(TARGET_NAME)";
				SWIFT_EMIT_LOC_STRINGS = YES;
				SWIFT_VERSION = 5.0;
				TARGETED_DEVICE_FAMILY = "1,2";
			};
			name = Release;
		};
		B569AFC5277AAA2A0057B873 /* Debug */ = {
			isa = XCBuildConfiguration;
			buildSettings = {
				ALWAYS_EMBED_SWIFT_STANDARD_LIBRARIES = YES;
				BUNDLE_LOADER = "$(TEST_HOST)";
				CODE_SIGN_STYLE = Automatic;
				CURRENT_PROJECT_VERSION = 1;
				DEVELOPMENT_TEAM = 378Y5XR992;
				GENERATE_INFOPLIST_FILE = YES;
				IPHONEOS_DEPLOYMENT_TARGET = 15.2;
				MARKETING_VERSION = 1.0;
				PRODUCT_BUNDLE_IDENTIFIER = x.game.BirdTests;
				PRODUCT_NAME = "$(TARGET_NAME)";
				SWIFT_EMIT_LOC_STRINGS = NO;
				SWIFT_VERSION = 5.0;
				TARGETED_DEVICE_FAMILY = "1,2";
				TEST_HOST = "$(BUILT_PRODUCTS_DIR)/Bird.app/Bird";
			};
			name = Debug;
		};
		B569AFC6277AAA2A0057B873 /* Release */ = {
			isa = XCBuildConfiguration;
			buildSettings = {
				ALWAYS_EMBED_SWIFT_STANDARD_LIBRARIES = YES;
				BUNDLE_LOADER = "$(TEST_HOST)";
				CODE_SIGN_STYLE = Automatic;
				CURRENT_PROJECT_VERSION = 1;
				DEVELOPMENT_TEAM = 378Y5XR992;
				GENERATE_INFOPLIST_FILE = YES;
				IPHONEOS_DEPLOYMENT_TARGET = 15.2;
				MARKETING_VERSION = 1.0;
				PRODUCT_BUNDLE_IDENTIFIER = x.game.BirdTests;
				PRODUCT_NAME = "$(TARGET_NAME)";
				SWIFT_EMIT_LOC_STRINGS = NO;
				SWIFT_VERSION = 5.0;
				TARGETED_DEVICE_FAMILY = "1,2";
				TEST_HOST = "$(BUILT_PRODUCTS_DIR)/Bird.app/Bird";
			};
			name = Release;
		};
		B569AFC8277AAA2A0057B873 /* Debug */ = {
			isa = XCBuildConfiguration;
			buildSettings = {
				ALWAYS_EMBED_SWIFT_STANDARD_LIBRARIES = YES;
				CODE_SIGN_STYLE = Automatic;
				CURRENT_PROJECT_VERSION = 1;
				DEVELOPMENT_TEAM = 378Y5XR992;
				GENERATE_INFOPLIST_FILE = YES;
				MARKETING_VERSION = 1.0;
				PRODUCT_BUNDLE_IDENTIFIER = x.game.BirdUITests;
				PRODUCT_NAME = "$(TARGET_NAME)";
				SWIFT_EMIT_LOC_STRINGS = NO;
				SWIFT_VERSION = 5.0;
				TARGETED_DEVICE_FAMILY = "1,2";
				TEST_TARGET_NAME = Bird;
			};
			name = Debug;
		};
		B569AFC9277AAA2A0057B873 /* Release */ = {
			isa = XCBuildConfiguration;
			buildSettings = {
				ALWAYS_EMBED_SWIFT_STANDARD_LIBRARIES = YES;
				CODE_SIGN_STYLE = Automatic;
				CURRENT_PROJECT_VERSION = 1;
				DEVELOPMENT_TEAM = 378Y5XR992;
				GENERATE_INFOPLIST_FILE = YES;
				MARKETING_VERSION = 1.0;
				PRODUCT_BUNDLE_IDENTIFIER = x.game.BirdUITests;
				PRODUCT_NAME = "$(TARGET_NAME)";
				SWIFT_EMIT_LOC_STRINGS = NO;
				SWIFT_VERSION = 5.0;
				TARGETED_DEVICE_FAMILY = "1,2";
				TEST_TARGET_NAME = Bird;
			};
			name = Release;
		};
/* End XCBuildConfiguration section */

/* Begin XCConfigurationList section */
		B569AF8F277AAA270057B873 /* Build configuration list for PBXProject "Bird" */ = {
			isa = XCConfigurationList;
			buildConfigurations = (
				B569AFBF277AAA2A0057B873 /* Debug */,
				B569AFC0277AAA2A0057B873 /* Release */,
			);
			defaultConfigurationIsVisible = 0;
			defaultConfigurationName = Release;
		};
		B569AFC1277AAA2A0057B873 /* Build configuration list for PBXNativeTarget "Bird" */ = {
			isa = XCConfigurationList;
			buildConfigurations = (
				B569AFC2277AAA2A0057B873 /* Debug */,
				B569AFC3277AAA2A0057B873 /* Release */,
			);
			defaultConfigurationIsVisible = 0;
			defaultConfigurationName = Release;
		};
		B569AFC4277AAA2A0057B873 /* Build configuration list for PBXNativeTarget "BirdTests" */ = {
			isa = XCConfigurationList;
			buildConfigurations = (
				B569AFC5277AAA2A0057B873 /* Debug */,
				B569AFC6277AAA2A0057B873 /* Release */,
			);
			defaultConfigurationIsVisible = 0;
			defaultConfigurationName = Release;
		};
		B569AFC7277AAA2A0057B873 /* Build configuration list for PBXNativeTarget "BirdUITests" */ = {
			isa = XCConfigurationList;
			buildConfigurations = (
				B569AFC8277AAA2A0057B873 /* Debug */,
				B569AFC9277AAA2A0057B873 /* Release */,
			);
			defaultConfigurationIsVisible = 0;
			defaultConfigurationName = Release;
		};
/* End XCConfigurationList section */

/* Begin XCSwiftPackageProductDependency section */
		B569AFF3277AB1580057B873 /* X-Library */ = {
			isa = XCSwiftPackageProductDependency;
			productName = "X-Library";
		};
/* End XCSwiftPackageProductDependency section */
	};
	rootObject = B569AF8C277AAA270057B873 /* Project object */;
}
